
Microsoft Visual Studio Solution File, Format Version 12.00
# Visual Studio Version 17
VisualStudioVersion = 17.0.31903.59
MinimumVisualStudioVersion = 10.0.40219.1
Project("{9A19103F-16F7-4668-BE54-9A1E7A4F7556}") = "ESourcing.Products", "Esourcing.Products\ESourcing.Products.csproj", "{DEDD4FD4-81AD-4CF3-8AD8-01BDACD16A04}"
EndProject
Project("{2150E333-8FDC-42A3-9474-1A3956D46DE8}") = "Products", "Products", "{71B3507C-13CD-495B-AAD9-1EBCD9EAF782}"
EndProject
Project("{2150E333-8FDC-42A3-9474-1A3956D46DE8}") = "src", "src", "{070DF13A-A1EA-47DA-A9B8-5AEC8E6849B7}"
EndProject
Project("{2150E333-8FDC-42A3-9474-1A3956D46DE8}") = "ApiGateway", "ApiGateway", "{827A0578-78B2-42BC-8F60-5A2A6A3995C1}"
EndProject
Project("{2150E333-8FDC-42A3-9474-1A3956D46DE8}") = "Services", "Services", "{CB1D64F8-4CA4-4658-A551-5DF5825CD232}"
EndProject
Project("{2150E333-8FDC-42A3-9474-1A3956D46DE8}") = "WebApp", "WebApp", "{62BC2E11-7EB2-446C-AE8A-14B033F436E3}"
EndProject
Project("{2150E333-8FDC-42A3-9474-1A3956D46DE8}") = "Common", "Common", "{78EA8845-B3BB-4F7F-930B-421756659C96}"
EndProject
Project("{2150E333-8FDC-42A3-9474-1A3956D46DE8}") = "Order", "Order", "{E7164F7F-2E43-472C-BBF5-37FE01F0978D}"
EndProject
Project("{2150E333-8FDC-42A3-9474-1A3956D46DE8}") = "Sourcing", "Sourcing", "{A18419A7-B2B5-4D38-85B7-BFCF1F4E6DA8}"
EndProject
Global
	GlobalSection(SolutionConfigurationPlatforms) = preSolution
		Debug|Any CPU = Debug|Any CPU
		Release|Any CPU = Release|Any CPU
	EndGlobalSection
	GlobalSection(ProjectConfigurationPlatforms) = postSolution
		{DEDD4FD4-81AD-4CF3-8AD8-01BDACD16A04}.Debug|Any CPU.ActiveCfg = Debug|Any CPU
		{DEDD4FD4-81AD-4CF3-8AD8-01BDACD16A04}.Debug|Any CPU.Build.0 = Debug|Any CPU
		{DEDD4FD4-81AD-4CF3-8AD8-01BDACD16A04}.Release|Any CPU.ActiveCfg = Release|Any CPU
		{DEDD4FD4-81AD-4CF3-8AD8-01BDACD16A04}.Release|Any CPU.Build.0 = Release|Any CPU
	EndGlobalSection
	GlobalSection(SolutionProperties) = preSolution
		HideSolutionNode = FALSE
	EndGlobalSection
	GlobalSection(NestedProjects) = preSolution
		{DEDD4FD4-81AD-4CF3-8AD8-01BDACD16A04} = {71B3507C-13CD-495B-AAD9-1EBCD9EAF782}
		{71B3507C-13CD-495B-AAD9-1EBCD9EAF782} = {CB1D64F8-4CA4-4658-A551-5DF5825CD232}
		{827A0578-78B2-42BC-8F60-5A2A6A3995C1} = {070DF13A-A1EA-47DA-A9B8-5AEC8E6849B7}
		{CB1D64F8-4CA4-4658-A551-5DF5825CD232} = {070DF13A-A1EA-47DA-A9B8-5AEC8E6849B7}
		{62BC2E11-7EB2-446C-AE8A-14B033F436E3} = {070DF13A-A1EA-47DA-A9B8-5AEC8E6849B7}
		{78EA8845-B3BB-4F7F-930B-421756659C96} = {CB1D64F8-4CA4-4658-A551-5DF5825CD232}
		{E7164F7F-2E43-472C-BBF5-37FE01F0978D} = {CB1D64F8-4CA4-4658-A551-5DF5825CD232}
		{A18419A7-B2B5-4D38-85B7-BFCF1F4E6DA8} = {CB1D64F8-4CA4-4658-A551-5DF5825CD232}
	EndGlobalSection
	GlobalSection(ExtensibilityGlobals) = postSolution
		SolutionGuid = {3806733A-5A65-463C-9D5B-91EFFF2A011D}
	EndGlobalSection
EndGlobal
